# THIS IS AN AUTOGENERATED FILE. DO NOT EDIT THIS FILE DIRECTLY.
# yarn lockfile v1


"@types/jquery@*":
  version "3.5.9"
  resolved "https://registry.yarnpkg.com/@types/jquery/-/jquery-3.5.9.tgz#08e4b1dcff0626926ffe545a2bc90f18140c53d6"
  integrity sha512-B8pDk+sH/tSv/HKdx6EQER6BfUOb2GtKs0LOmozziS4h7cbe8u/eYySfUAeTwD+J09SqV3man7AMWIA5mgzCBA==
  dependencies:
    "@types/sizzle" "*"

"@types/lodash@^4.14.177":
  version "4.14.177"
  resolved "https://registry.yarnpkg.com/@types/lodash/-/lodash-4.14.177.tgz#f70c0d19c30fab101cad46b52be60363c43c4578"
  integrity sha512-0fDwydE2clKe9MNfvXHBHF9WEahRuj+msTuQqOmAApNORFvhMYZKNGGJdCzuhheVjMps/ti0Ak/iJPACMaevvw==

"@types/materialize-css@^1.0.11":
  version "1.0.11"
  resolved "https://registry.yarnpkg.com/@types/materialize-css/-/materialize-css-1.0.11.tgz#3e6c75bf8057161e37f33a52a9437a146e27dab5"
  integrity sha512-V7/jSwuq6QrWAjzA2dkZhlqzrrcxcjB+RDfwhw8CosNYZgb+FaAJmmB6t7CT7SRFNRRSxG839e6iK32Vq6sZrQ==
  dependencies:
    "@types/jquery" "*"
    cash-dom "*"

"@types/sizzle@*":
  version "2.3.3"
  resolved "https://registry.yarnpkg.com/@types/sizzle/-/sizzle-2.3.3.tgz#ff5e2f1902969d305225a047c8a0fd5c915cebef"
  integrity sha512-JYM8x9EGF163bEyhdJBpR2QX1R5naCJHC8ucJylJ3w9/CVBaskdQ8WqBf8MmQrd1kRvp/a4TS8HJ+bxzR7ZJYQ==

"@types/viz.js@^2.1.2":
  version "2.1.2"
  resolved "https://registry.yarnpkg.com/@types/viz.js/-/viz.js-2.1.2.tgz#6ad50289e5c516c4a7f9058e1deda91b3518a8c0"
  integrity sha512-qoiKEOoOSPwZbDGPoVnJwSPO/cirMT01KkvknXuZGIGNC+UPcrB97NgAOz1pbcXDrpL7Z/kn1Ojci1TozNy0/w==

cash-dom@*:
  version "8.1.0"
  resolved "https://registry.yarnpkg.com/cash-dom/-/cash-dom-8.1.0.tgz#ed8e278231c071b6596618131bd4320c57d32a31"
  integrity sha512-QTa50rFuPaX8klEDEbwLr+jVutwpvZEBQ0NpMMyng+je7gNe9Bz/JsOLHIG24tvNSSSIN/Q1QD0bnF6PQzWKHA==

esbuild-android-arm64@0.13.10:
  version "0.13.10"
  resolved "https://registry.yarnpkg.com/esbuild-android-arm64/-/esbuild-android-arm64-0.13.10.tgz#3545c71bf01e8b36535681078cdb0191c8654452"
  integrity sha512-1sCdVAq64yMp2Uhlu+97/enFxpmrj31QHtThz7K+/QGjbHa7JZdBdBsZCzWJuntKHZ+EU178tHYkvjaI9z5sGg==

esbuild-darwin-64@0.13.10:
  version "0.13.10"
  resolved "https://registry.npmjs.org/esbuild-darwin-64/-/esbuild-darwin-64-0.13.10.tgz"
  integrity sha512-XlL+BYZ2h9cz3opHfFgSHGA+iy/mljBFIRU9q++f9SiBXEZTb4gTW/IENAD1l9oKH0FdO9rUpyAfV+lM4uAxrg==

esbuild-darwin-arm64@0.13.10:
  version "0.13.10"
  resolved "https://registry.yarnpkg.com/esbuild-darwin-arm64/-/esbuild-darwin-arm64-0.13.10.tgz#456a044b789d5d256af8d264314da5217ca9fcd1"
  integrity sha512-RZMMqMTyActMrXKkW71IQO8B0tyQm0Bm+ZJQWNaHJchL5LlqazJi7rriwSocP+sKLszHhsyTEBBh6qPdw5g5yQ==

esbuild-freebsd-64@0.13.10:
  version "0.13.10"
  resolved "https://registry.yarnpkg.com/esbuild-freebsd-64/-/esbuild-freebsd-64-0.13.10.tgz#dcd829a4a95226716faae8a2f378f08688f921b6"
  integrity sha512-pf4BEN9reF3jvZEZdxljVgOv5JS4kuYFCI78xk+2HWustbLvTP0b9XXfWI/OD0ZLWbyLYZYIA+VbVe4tdAklig==

esbuild-freebsd-arm64@0.13.10:
  version "0.13.10"
  resolved "https://registry.yarnpkg.com/esbuild-freebsd-arm64/-/esbuild-freebsd-arm64-0.13.10.tgz#116c254b3eb1b9d1dd6f12e0271967de4512ca09"
  integrity sha512-j9PUcuNWmlxr4/ry4dK/s6zKh42Jhh/N5qnAAj7tx3gMbkIHW0JBoVSbbgp97p88X9xgKbXx4lG2sJDhDWmsYQ==

esbuild-linux-32@0.13.10:
  version "0.13.10"
  resolved "https://registry.yarnpkg.com/esbuild-linux-32/-/esbuild-linux-32-0.13.10.tgz#131971622c38e5aa014303a494a1b5c3cc90f2be"
  integrity sha512-imtdHG5ru0xUUXuc2ofdtyw0fWlHYXV7JjF7oZHgmn0b+B4o4Nr6ZON3xxoo1IP8wIekW+7b9exIf/MYq0QV7w==

esbuild-linux-64@0.13.10:
  version "0.13.10"
  resolved "https://registry.yarnpkg.com/esbuild-linux-64/-/esbuild-linux-64-0.13.10.tgz#48826c388abd5dde3fc098a8ef38d8b548674f93"
  integrity sha512-O7fzQIH2e7GC98dvoTH0rad5BVLm9yU3cRWfEmryCEIFTwbNEWCEWOfsePuoGOHRtSwoVY1hPc21CJE4/9rWxQ==

esbuild-linux-arm64@0.13.10:
  version "0.13.10"
  resolved "https://registry.yarnpkg.com/esbuild-linux-arm64/-/esbuild-linux-arm64-0.13.10.tgz#0be9ffc92e30641869c7fbca0ec5d30fa8cbddd6"
  integrity sha512-bkGxN67S2n0PF4zhh87/92kBTsH2xXLuH6T5omReKhpXdJZF5SVDSk5XU/nngARzE+e6QK6isK060Dr5uobzNw==

esbuild-linux-arm@0.13.10:
  version "0.13.10"
  resolved "https://registry.yarnpkg.com/esbuild-linux-arm/-/esbuild-linux-arm-0.13.10.tgz#8c15bcaa41a022c834f049a71a7d1fbade507532"
  integrity sha512-R2Jij4A0K8BcmBehvQeUteQEcf24Y2YZ6mizlNFuJOBPxe3vZNmkZ4mCE7Pf1tbcqA65qZx8J3WSHeGJl9EsJA==

esbuild-linux-mips64le@0.13.10:
  version "0.13.10"
  resolved "https://registry.yarnpkg.com/esbuild-linux-mips64le/-/esbuild-linux-mips64le-0.13.10.tgz#5bb33a2bc82e9c78ed724f345a8359610ddc9695"
  integrity sha512-UDNO5snJYOLWrA2uOUxM/PVbzzh2TR7Zf2i8zCCuFlYgvAb/81XO+Tasp3YAElDpp4VGqqcpBXLtofa9nrnJGA==

esbuild-linux-ppc64le@0.13.10:
  version "0.13.10"
  resolved "https://registry.yarnpkg.com/esbuild-linux-ppc64le/-/esbuild-linux-ppc64le-0.13.10.tgz#18703cd0d52447d97486735b8e79fba7d81eac65"
  integrity sha512-xu6J9rMWu1TcEGuEmoc8gsTrJCEPsf+QtxK4IiUZNde9r4Q4nlRVah4JVZP3hJapZgZJcxsse0XiKXh1UFdOeA==

esbuild-netbsd-64@0.13.10:
  version "0.13.10"
  resolved "https://registry.yarnpkg.com/esbuild-netbsd-64/-/esbuild-netbsd-64-0.13.10.tgz#3ecb06158aadb5b7396a5b7632069181b1591c56"
  integrity sha512-d+Gr0ScMC2J83Bfx/ZvJHK0UAEMncctwgjRth9d4zppYGLk/xMfFKxv5z1ib8yZpQThafq8aPm8AqmFIJrEesw==

esbuild-openbsd-64@0.13.10:
  version "0.13.10"
  resolved "https://registry.yarnpkg.com/esbuild-openbsd-64/-/esbuild-openbsd-64-0.13.10.tgz#3a6950b1d955de921ac52f7af0b4865e89d6e4f1"
  integrity sha512-OuCYc+bNKumBvxflga+nFzZvxsgmWQW+z4rMGIjM5XIW0nNbGgRc5p/0PSDv0rTdxAmwCpV69fezal0xjrDaaA==

esbuild-sunos-64@0.13.10:
  version "0.13.10"
  resolved "https://registry.yarnpkg.com/esbuild-sunos-64/-/esbuild-sunos-64-0.13.10.tgz#ad407f721a8b5727fca31958b5eab1b0232e2d73"
  integrity sha512-gUkgivZK11bD56wDoLsnYrsOHD/zHzzLSdqKcIl3wRMulfHpRBpoX8gL0dbWr+8N9c+1HDdbNdvxSRmZ4RCVwg==

esbuild-windows-32@0.13.10:
  version "0.13.10"
  resolved "https://registry.yarnpkg.com/esbuild-windows-32/-/esbuild-windows-32-0.13.10.tgz#ddaaa0b6e172df6512edc7a91bd2456615cfa914"
  integrity sha512-C1xJ54E56dGWRaYcTnRy7amVZ9n1/D/D2/qVw7e5EtS7p+Fv/yZxxgqyb1hMGKXgtFYX4jMpU5eWBF/AsYrn+A==

esbuild-windows-64@0.13.10:
  version "0.13.10"
  resolved "https://registry.npmjs.org/esbuild-windows-64/-/esbuild-windows-64-0.13.10.tgz"
  integrity sha512-6+EXEXopEs3SvPFAHcps2Krp/FvqXXsOQV33cInmyilb0ZBEQew4MIoZtMIyB3YXoV6//dl3i6YbPrFZaWEinQ==

esbuild-windows-arm64@0.13.10:
  version "0.13.10"
  resolved "https://registry.yarnpkg.com/esbuild-windows-arm64/-/esbuild-windows-arm64-0.13.10.tgz#85a2d338aaa8b0cd1d8ecbe9150def9a608e8947"
  integrity sha512-xTqM/XKhORo6u9S5I0dNJWEdWoemFjogLUTVLkQMVyUV3ZuMChahVA+bCqKHdyX55pCFxD/8v2fm3/sfFMWN+g==

esbuild@^0.13.2:
  version "0.13.10"
  resolved "https://registry.npmjs.org/esbuild/-/esbuild-0.13.10.tgz"
  integrity sha512-0NfCsnAh5XatHIx6Cu93wpR2v6opPoOMxONYhaAoZKzGYqAE+INcDeX2wqMdcndvPQdWCuuCmvlnsh0zmbHcSQ==
  optionalDependencies:
    esbuild-android-arm64 "0.13.10"
    esbuild-darwin-64 "0.13.10"
    esbuild-darwin-arm64 "0.13.10"
    esbuild-freebsd-64 "0.13.10"
    esbuild-freebsd-arm64 "0.13.10"
    esbuild-linux-32 "0.13.10"
    esbuild-linux-64 "0.13.10"
    esbuild-linux-arm "0.13.10"
    esbuild-linux-arm64 "0.13.10"
    esbuild-linux-mips64le "0.13.10"
    esbuild-linux-ppc64le "0.13.10"
    esbuild-netbsd-64 "0.13.10"
    esbuild-openbsd-64 "0.13.10"
    esbuild-sunos-64 "0.13.10"
    esbuild-windows-32 "0.13.10"
    esbuild-windows-64 "0.13.10"
    esbuild-windows-arm64 "0.13.10"

fsevents@~2.3.2:
  version "2.3.2"
  resolved "https://registry.npmjs.org/fsevents/-/fsevents-2.3.2.tgz"
  integrity sha512-xiqMQR4xAeHTuB9uWm+fFRcIOgKBMiOBP+eXiyT7jsgVCq1bkVygt00oASowB7EdtpOHaaPgKt812P9ab+DDKA==

function-bind@^1.1.1:
  version "1.1.1"
  resolved "https://registry.npmjs.org/function-bind/-/function-bind-1.1.1.tgz"
  integrity sha512-yIovAzMX49sF8Yl58fSCWJ5svSLuaibPxXQJFLmBObTuCr0Mf1KiPopGM9NiFjiYBCbfaa2Fh6breQ6ANVTI0A==

has@^1.0.3:
  version "1.0.3"
  resolved "https://registry.npmjs.org/has/-/has-1.0.3.tgz"
  integrity sha512-f2dvO0VU6Oej7RkWJGrehjbzMAjFp5/VKPp5tTpWIV4JHHZK1/BxbFRtf/siA2SWTe09caDmVtYYzWEIbBS4zw==
  dependencies:
    function-bind "^1.1.1"

is-core-module@^2.2.0:
  version "2.8.0"
  resolved "https://registry.npmjs.org/is-core-module/-/is-core-module-2.8.0.tgz"
  integrity sha512-vd15qHsaqrRL7dtH6QNuy0ndJmRDrS9HAM1CAiSifNUFv4x1a0CCVsj18hJ1mShxIG6T2i1sO78MkP56r0nYRw==
  dependencies:
    has "^1.0.3"

lodash@^4.17.21:
  version "4.17.21"
  resolved "https://registry.yarnpkg.com/lodash/-/lodash-4.17.21.tgz#679591c564c3bffaae8454cf0b3df370c3d6911c"
  integrity sha512-v2kDEe57lecTulaDIuNTPy3Ry4gLGJ6Z1O3vE1krgXZNrsQ+LFTGHVxVjcXPs17LhbZVGedAJv8XZ1tvj5FvSg==

materialize-css@^1.0.0-rc.2:
  version "1.0.0-rc.2"
  resolved "https://registry.yarnpkg.com/materialize-css/-/materialize-css-1.0.0-rc.2.tgz#b9e6b18f698c6ef77bb6b628d59147faf131eff5"
  integrity sha512-FuQmSyq4Qv0ov7A2qXw0E6/jbQzSWx2P1pg2/XQDYTkkSc/GyiFAxu3fw9zgShwuTvyumEiw5jkxQWT9siqMBQ==

nanoid@^3.1.30:
  version "3.1.30"
  resolved "https://registry.npmjs.org/nanoid/-/nanoid-3.1.30.tgz"
  integrity sha512-zJpuPDwOv8D2zq2WRoMe1HsfZthVewpel9CAvTfc/2mBD1uUT/agc5f7GHGWXlYkFvi1mVxe4IjvP2HNrop7nQ==

path-parse@^1.0.6:
  version "1.0.7"
  resolved "https://registry.npmjs.org/path-parse/-/path-parse-1.0.7.tgz"
  integrity sha512-LDJzPVEEEPR+y48z93A0Ed0yXb8pAByGWo/k5YYdYgpY2/2EsOsksJrq7lOHxryrVOn1ejG6oAp8ahvOIQD8sw==

picocolors@^1.0.0:
  version "1.0.0"
  resolved "https://registry.npmjs.org/picocolors/-/picocolors-1.0.0.tgz"
  integrity sha512-1fygroTLlHu66zi26VoTDv8yRgm0Fccecssto+MhsZ0D/DGW2sm8E8AjW7NU5VVTRt5GxbeZ5qBuJr+HyLYkjQ==

postcss@^8.3.8:
  version "8.3.11"
  resolved "https://registry.npmjs.org/postcss/-/postcss-8.3.11.tgz"
  integrity sha512-hCmlUAIlUiav8Xdqw3Io4LcpA1DOt7h3LSTAC4G6JGHFFaWzI6qvFt9oilvl8BmkbBRX1IhM90ZAmpk68zccQA==
  dependencies:
    nanoid "^3.1.30"
    picocolors "^1.0.0"
    source-map-js "^0.6.2"

resolve@^1.20.0:
  version "1.20.0"
  resolved "https://registry.npmjs.org/resolve/-/resolve-1.20.0.tgz"
  integrity sha512-wENBPt4ySzg4ybFQW2TT1zMQucPK95HSh/nq2CFTZVOGut2+pQvSsgtda4d26YrYcr067wjbmzOG8byDPBX63A==
  dependencies:
    is-core-module "^2.2.0"
    path-parse "^1.0.6"

rollup@^2.57.0:
  version "2.58.3"
  resolved "https://registry.npmjs.org/rollup/-/rollup-2.58.3.tgz"
  integrity sha512-ei27MSw1KhRur4p87Q0/Va2NAYqMXOX++FNEumMBcdreIRLURKy+cE2wcDJKBn0nfmhP2ZGrJkP1XPO+G8FJQw==
  optionalDependencies:
    fsevents "~2.3.2"

source-map-js@^0.6.2:
  version "0.6.2"
  resolved "https://registry.npmjs.org/source-map-js/-/source-map-js-0.6.2.tgz"
  integrity sha512-/3GptzWzu0+0MBQFrDKzw/DvvMTUORvgY6k6jd/VS6iCR4RDTKWH6v6WPwQoUO8667uQEf9Oe38DxAYWY5F/Ug==

typescript@^4.3.2:
  version "4.4.4"
  resolved "https://registry.npmjs.org/typescript/-/typescript-4.4.4.tgz"
  integrity sha512-DqGhF5IKoBl8WNf8C1gu8q0xZSInh9j1kJJMqT3a94w1JzVaBU4EXOSMrz9yDqMT0xt3selp83fuFMQ0uzv6qA==

vite@^2.6.4:
  version "2.6.13"
  resolved "https://registry.npmjs.org/vite/-/vite-2.6.13.tgz"
  integrity sha512-+tGZ1OxozRirTudl4M3N3UTNJOlxdVo/qBl2IlDEy/ZpTFcskp+k5ncNjayR3bRYTCbqSOFz2JWGN1UmuDMScA==
  dependencies:
    esbuild "^0.13.2"
    postcss "^8.3.8"
    resolve "^1.20.0"
    rollup "^2.57.0"
  optionalDependencies:
    fsevents "~2.3.2"

viz.js@^2.1.2:
  version "2.1.2"
  resolved "https://registry.yarnpkg.com/viz.js/-/viz.js-2.1.2.tgz#6f09cd4e10af28754a6d50b055bd2e4a7693983a"
  integrity sha512-UO6CPAuEMJ8oNR0gLLNl+wUiIzQUsyUOp8SyyDKTqVRBtq7kk1VnFmIZW8QufjxGrGEuI+LVR7p/C7uEKy0LQw==
